{
	"name": "steamapi",
	"version": "3.1.4",
	"lockfileVersion": 2,
	"requires": true,
	"packages": {
		"": {
			"name": "steamapi",
			"version": "3.1.4",
			"license": "MIT",
			"dependencies": {
				"node-fetch": "^3.3.2",
				"steamid": "^2.0.0"
			},
			"devDependencies": {
				"@types/node": "^20.11.5",
				"@types/steamid": "^2.0.3",
				"typedoc": "^0.28.2",
				"typedoc-plugin-markdown": "^4.6.2",
				"typescript": "^5.7.3"
			}
		},
		"node_modules/@gerrit0/mini-shiki": {
			"version": "3.2.2",
			"resolved": "https://registry.npmjs.org/@gerrit0/mini-shiki/-/mini-shiki-3.2.2.tgz",
			"integrity": "sha512-vaZNGhGLKMY14HbF53xxHNgFO9Wz+t5lTlGNpl2N9xFiKQ0I5oIe0vKjU9dh7Nb3Dw6lZ7wqUE0ri+zcdpnK+Q==",
			"dev": true,
			"license": "MIT",
			"dependencies": {
				"@shikijs/engine-oniguruma": "^3.2.1",
				"@shikijs/langs": "^3.2.1",
				"@shikijs/themes": "^3.2.1",
				"@shikijs/types": "^3.2.1",
				"@shikijs/vscode-textmate": "^10.0.2"
			}
		},
		"node_modules/@shikijs/engine-oniguruma": {
			"version": "3.2.2",
			"resolved": "https://registry.npmjs.org/@shikijs/engine-oniguruma/-/engine-oniguruma-3.2.2.tgz",
			"integrity": "sha512-vyXRnWVCSvokwbaUD/8uPn6Gqsf5Hv7XwcW4AgiU4Z2qwy19sdr6VGzMdheKKN58tJOOe5MIKiNb901bgcUXYQ==",
			"dev": true,
			"license": "MIT",
			"dependencies": {
				"@shikijs/types": "3.2.2",
				"@shikijs/vscode-textmate": "^10.0.2"
			}
		},
		"node_modules/@shikijs/langs": {
			"version": "3.2.2",
			"resolved": "https://registry.npmjs.org/@shikijs/langs/-/langs-3.2.2.tgz",
			"integrity": "sha512-NY0Urg2dV9ETt3JIOWoMPuoDNwte3geLZ4M1nrPHbkDS8dWMpKcEwlqiEIGqtwZNmt5gKyWpR26ln2Bg2ecPgw==",
			"dev": true,
			"license": "MIT",
			"dependencies": {
				"@shikijs/types": "3.2.2"
			}
		},
		"node_modules/@shikijs/themes": {
			"version": "3.2.2",
			"resolved": "https://registry.npmjs.org/@shikijs/themes/-/themes-3.2.2.tgz",
			"integrity": "sha512-Zuq4lgAxVKkb0FFdhHSdDkALuRpsj1so1JdihjKNQfgM78EHxV2JhO10qPsMrm01FkE3mDRTdF68wfmsqjt6HA==",
			"dev": true,
			"license": "MIT",
			"dependencies": {
				"@shikijs/types": "3.2.2"
			}
		},
		"node_modules/@shikijs/types": {
			"version": "3.2.2",
			"resolved": "https://registry.npmjs.org/@shikijs/types/-/types-3.2.2.tgz",
			"integrity": "sha512-a5TiHk7EH5Lso8sHcLHbVNNhWKP0Wi3yVnXnu73g86n3WoDgEra7n3KszyeCGuyoagspQ2fzvy4cpSc8pKhb0A==",
			"dev": true,
			"license": "MIT",
			"dependencies": {
				"@shikijs/vscode-textmate": "^10.0.2",
				"@types/hast": "^3.0.4"
			}
		},
		"node_modules/@shikijs/vscode-textmate": {
			"version": "10.0.2",
			"resolved": "https://registry.npmjs.org/@shikijs/vscode-textmate/-/vscode-textmate-10.0.2.tgz",
			"integrity": "sha512-83yeghZ2xxin3Nj8z1NMd/NCuca+gsYXswywDy5bHvwlWL8tpTQmzGeUuHd9FC3E/SBEMvzJRwWEOz5gGes9Qg==",
			"dev": true,
			"license": "MIT"
		},
		"node_modules/@types/hast": {
			"version": "3.0.4",
			"resolved": "https://registry.npmjs.org/@types/hast/-/hast-3.0.4.tgz",
			"integrity": "sha512-WPs+bbQw5aCj+x6laNGWLH3wviHtoCv/P3+otBhbOhJgG8qtpdAMlTCxLtsTWA7LH1Oh/bFCHsBn0TPS5m30EQ==",
			"dev": true,
			"license": "MIT",
			"dependencies": {
				"@types/unist": "*"
			}
		},
		"node_modules/@types/node": {
			"version": "20.11.5",
			"resolved": "https://registry.npmjs.org/@types/node/-/node-20.11.5.tgz",
			"integrity": "sha512-g557vgQjUUfN76MZAN/dt1z3dzcUsimuysco0KeluHgrPdJXkP/XdAURgyO2W9fZWHRtRBiVKzKn8vyOAwlG+w==",
			"dev": true,
			"dependencies": {
				"undici-types": "~5.26.4"
			}
		},
		"node_modules/@types/steamid": {
			"version": "2.0.3",
			"resolved": "https://registry.npmjs.org/@types/steamid/-/steamid-2.0.3.tgz",
			"integrity": "sha512-ozNMQViUYLU+NBN4v7X0bV1O8uTL1bA+WvfHtt9IKcydS4tyYKH7w1vq+xcPGWGL0PRhGtY7C1Zhaeyj2IsETw==",
			"dev": true
		},
		"node_modules/@types/unist": {
			"version": "3.0.3",
			"resolved": "https://registry.npmjs.org/@types/unist/-/unist-3.0.3.tgz",
			"integrity": "sha512-ko/gIFJRv177XgZsZcBwnqJN5x/Gien8qNOn0D5bQU/zAzVf9Zt3BlcUiLqhV9y4ARk0GbT3tnUiPNgnTXzc/Q==",
			"dev": true,
			"license": "MIT"
		},
		"node_modules/argparse": {
			"version": "2.0.1",
			"resolved": "https://registry.npmjs.org/argparse/-/argparse-2.0.1.tgz",
			"integrity": "sha512-8+9WqebbFzpX9OR+Wa6O29asIogeRMzcGtAINdpMHHyAg10f05aSFVBbcEqGf/PXw1EjAZ+q2/bEBg3DvurK3Q==",
			"dev": true,
			"license": "Python-2.0"
		},
		"node_modules/balanced-match": {
			"version": "1.0.2",
			"resolved": "https://registry.npmjs.org/balanced-match/-/balanced-match-1.0.2.tgz",
			"integrity": "sha512-3oSeUO0TMV67hN1AmbXsK4yaqU7tjiHlbxRDZOpH0KW9+CeX4bRAaX0Anxt0tx2MrpRpWwQaPwIlISEJhYU5Pw==",
			"dev": true,
			"license": "MIT"
		},
		"node_modules/brace-expansion": {
			"version": "2.0.1",
			"resolved": "https://registry.npmjs.org/brace-expansion/-/brace-expansion-2.0.1.tgz",
			"integrity": "sha512-XnAIvQ8eM+kC6aULx6wuQiwVsnzsi9d3WxzV3FpWTGA19F621kwdbsAcFKXgKUHZWsy+mY6iL1sHTxWEFCytDA==",
			"dev": true,
			"license": "MIT",
			"dependencies": {
				"balanced-match": "^1.0.0"
			}
		},
		"node_modules/data-uri-to-buffer": {
			"version": "4.0.1",
			"resolved": "https://registry.npmjs.org/data-uri-to-buffer/-/data-uri-to-buffer-4.0.1.tgz",
			"integrity": "sha512-0R9ikRb668HB7QDxT1vkpuUBtqc53YyAwMwGeUFKRojY/NWKvdZ+9UYtRfGmhqNbRkTSVpMbmyhXipFFv2cb/A==",
			"engines": {
				"node": ">= 12"
			}
		},
		"node_modules/entities": {
			"version": "4.5.0",
			"resolved": "https://registry.npmjs.org/entities/-/entities-4.5.0.tgz",
			"integrity": "sha512-V0hjH4dGPh9Ao5p0MoRY6BVqtwCjhz6vI5LT8AJ55H+4g9/4vbHx1I54fS0XuclLhDHArPQCiMjDxjaL8fPxhw==",
			"dev": true,
			"license": "BSD-2-Clause",
			"engines": {
				"node": ">=0.12"
			},
			"funding": {
				"url": "https://github.com/fb55/entities?sponsor=1"
			}
		},
		"node_modules/fetch-blob": {
			"version": "3.2.0",
			"resolved": "https://registry.npmjs.org/fetch-blob/-/fetch-blob-3.2.0.tgz",
			"integrity": "sha512-7yAQpD2UMJzLi1Dqv7qFYnPbaPx7ZfFK6PiIxQ4PfkGPyNyl2Ugx+a/umUonmKqjhM4DnfbMvdX6otXq83soQQ==",
			"funding": [
				{
					"type": "github",
					"url": "https://github.com/sponsors/jimmywarting"
				},
				{
					"type": "paypal",
					"url": "https://paypal.me/jimmywarting"
				}
			],
			"dependencies": {
				"node-domexception": "^1.0.0",
				"web-streams-polyfill": "^3.0.3"
			},
			"engines": {
				"node": "^12.20 || >= 14.13"
			}
		},
		"node_modules/formdata-polyfill": {
			"version": "4.0.10",
			"resolved": "https://registry.npmjs.org/formdata-polyfill/-/formdata-polyfill-4.0.10.tgz",
			"integrity": "sha512-buewHzMvYL29jdeQTVILecSaZKnt/RJWjoZCF5OW60Z67/GmSLBkOFM7qh1PI3zFNtJbaZL5eQu1vLfazOwj4g==",
			"dependencies": {
				"fetch-blob": "^3.1.2"
			},
			"engines": {
				"node": ">=12.20.0"
			}
		},
		"node_modules/linkify-it": {
			"version": "5.0.0",
			"resolved": "https://registry.npmjs.org/linkify-it/-/linkify-it-5.0.0.tgz",
			"integrity": "sha512-5aHCbzQRADcdP+ATqnDuhhJ/MRIqDkZX5pyjFHRRysS8vZ5AbqGEoFIb6pYHPZ+L/OC2Lc+xT8uHVVR5CAK/wQ==",
			"dev": true,
			"license": "MIT",
			"dependencies": {
				"uc.micro": "^2.0.0"
			}
		},
		"node_modules/lunr": {
			"version": "2.3.9",
			"resolved": "https://registry.npmjs.org/lunr/-/lunr-2.3.9.tgz",
			"integrity": "sha512-zTU3DaZaF3Rt9rhN3uBMGQD3dD2/vFQqnvZCDv4dl5iOzq2IZQqTxu90r4E5J+nP70J3ilqVCrbho2eWaeW8Ow==",
			"dev": true
		},
		"node_modules/markdown-it": {
			"version": "14.1.0",
			"resolved": "https://registry.npmjs.org/markdown-it/-/markdown-it-14.1.0.tgz",
			"integrity": "sha512-a54IwgWPaeBCAAsv13YgmALOF1elABB08FxO9i+r4VFk5Vl4pKokRPeX8u5TCgSsPi6ec1otfLjdOpVcgbpshg==",
			"dev": true,
			"license": "MIT",
			"dependencies": {
				"argparse": "^2.0.1",
				"entities": "^4.4.0",
				"linkify-it": "^5.0.0",
				"mdurl": "^2.0.0",
				"punycode.js": "^2.3.1",
				"uc.micro": "^2.1.0"
			},
			"bin": {
				"markdown-it": "bin/markdown-it.mjs"
			}
		},
		"node_modules/mdurl": {
			"version": "2.0.0",
			"resolved": "https://registry.npmjs.org/mdurl/-/mdurl-2.0.0.tgz",
			"integrity": "sha512-Lf+9+2r+Tdp5wXDXC4PcIBjTDtq4UKjCPMQhKIuzpJNW0b96kVqSwW0bT7FhRSfmAiFYgP+SCRvdrDozfh0U5w==",
			"dev": true,
			"license": "MIT"
		},
		"node_modules/minimatch": {
			"version": "9.0.5",
			"resolved": "https://registry.npmjs.org/minimatch/-/minimatch-9.0.5.tgz",
			"integrity": "sha512-G6T0ZX48xgozx7587koeX9Ys2NYy6Gmv//P89sEte9V9whIapMNF4idKxnW2QtCcLiTWlb/wfCabAtAFWhhBow==",
			"dev": true,
			"license": "ISC",
			"dependencies": {
				"brace-expansion": "^2.0.1"
			},
			"engines": {
				"node": ">=16 || 14 >=14.17"
			},
			"funding": {
				"url": "https://github.com/sponsors/isaacs"
			}
		},
		"node_modules/node-domexception": {
			"version": "1.0.0",
			"resolved": "https://registry.npmjs.org/node-domexception/-/node-domexception-1.0.0.tgz",
			"integrity": "sha512-/jKZoMpw0F8GRwl4/eLROPA3cfcXtLApP0QzLmUT/HuPCZWyB7IY9ZrMeKw2O/nFIqPQB3PVM9aYm0F312AXDQ==",
			"funding": [
				{
					"type": "github",
					"url": "https://github.com/sponsors/jimmywarting"
				},
				{
					"type": "github",
					"url": "https://paypal.me/jimmywarting"
				}
			],
			"engines": {
				"node": ">=10.5.0"
			}
		},
		"node_modules/node-fetch": {
			"version": "3.3.2",
			"resolved": "https://registry.npmjs.org/node-fetch/-/node-fetch-3.3.2.tgz",
			"integrity": "sha512-dRB78srN/l6gqWulah9SrxeYnxeddIG30+GOqK/9OlLVyLg3HPnr6SqOWTWOXKRwC2eGYCkZ59NNuSgvSrpgOA==",
			"dependencies": {
				"data-uri-to-buffer": "^4.0.0",
				"fetch-blob": "^3.1.4",
				"formdata-polyfill": "^4.0.10"
			},
			"engines": {
				"node": "^12.20.0 || ^14.13.1 || >=16.0.0"
			},
			"funding": {
				"type": "opencollective",
				"url": "https://opencollective.com/node-fetch"
			}
		},
		"node_modules/punycode.js": {
			"version": "2.3.1",
			"resolved": "https://registry.npmjs.org/punycode.js/-/punycode.js-2.3.1.tgz",
			"integrity": "sha512-uxFIHU0YlHYhDQtV4R9J6a52SLx28BCjT+4ieh7IGbgwVJWO+km431c4yRlREUAsAmt/uMjQUyQHNEPf0M39CA==",
			"dev": true,
			"license": "MIT",
			"engines": {
				"node": ">=6"
			}
		},
		"node_modules/steamid": {
			"version": "2.0.0",
			"resolved": "https://registry.npmjs.org/steamid/-/steamid-2.0.0.tgz",
			"integrity": "sha512-+BFJMbo+IxzyfovLR37E7APkaNfmrL3S+88T7wTMRHnQ6LBhzEawPnjfWNKM9eUL/dH45j+7vhSX4WaGXoa4/Q==",
			"engines": {
				"node": ">=12.0.0"
			}
		},
		"node_modules/typedoc": {
			"version": "0.28.2",
			"resolved": "https://registry.npmjs.org/typedoc/-/typedoc-0.28.2.tgz",
			"integrity": "sha512-9Giuv+eppFKnJ0oi+vxqLM817b/IrIsEMYgy3jj6zdvppAfDqV3d6DXL2vXUg2TnlL62V48th25Zf/tcQKAJdg==",
			"dev": true,
			"license": "Apache-2.0",
			"dependencies": {
				"@gerrit0/mini-shiki": "^3.2.2",
				"lunr": "^2.3.9",
				"markdown-it": "^14.1.0",
				"minimatch": "^9.0.5",
				"yaml": "^2.7.1"
			},
			"bin": {
				"typedoc": "bin/typedoc"
			},
			"engines": {
				"node": ">= 18",
				"pnpm": ">= 10"
			},
			"peerDependencies": {
				"typescript": "5.0.x || 5.1.x || 5.2.x || 5.3.x || 5.4.x || 5.5.x || 5.6.x || 5.7.x || 5.8.x"
			}
		},
		"node_modules/typedoc-plugin-markdown": {
			"version": "4.6.2",
			"resolved": "https://registry.npmjs.org/typedoc-plugin-markdown/-/typedoc-plugin-markdown-4.6.2.tgz",
			"integrity": "sha512-JVCIoK7FDN3t3PSLkwDyrBFyjtDznqDCJotP9evxhLyb6bEZTqhAGB0tPy1RmgHuY2WoAONMrsWs8LfLsD+A6A==",
			"dev": true,
			"license": "MIT",
			"engines": {
				"node": ">= 18"
			},
			"peerDependencies": {
				"typedoc": "0.28.x"
			}
		},
		"node_modules/typescript": {
			"version": "5.7.3",
			"resolved": "https://registry.npmjs.org/typescript/-/typescript-5.7.3.tgz",
			"integrity": "sha512-84MVSjMEHP+FQRPy3pX9sTVV/INIex71s9TL2Gm5FG/WG1SqXeKyZ0k7/blY/4FdOzI12CBy1vGc4og/eus0fw==",
			"dev": true,
			"license": "Apache-2.0",
			"bin": {
				"tsc": "bin/tsc",
				"tsserver": "bin/tsserver"
			},
			"engines": {
				"node": ">=14.17"
			}
		},
		"node_modules/uc.micro": {
			"version": "2.1.0",
			"resolved": "https://registry.npmjs.org/uc.micro/-/uc.micro-2.1.0.tgz",
			"integrity": "sha512-ARDJmphmdvUk6Glw7y9DQ2bFkKBHwQHLi2lsaH6PPmz/Ka9sFOBsBluozhDltWmnv9u/cF6Rt87znRTPV+yp/A==",
			"dev": true,
			"license": "MIT"
		},
		"node_modules/undici-types": {
			"version": "5.26.5",
			"resolved": "https://registry.npmjs.org/undici-types/-/undici-types-5.26.5.tgz",
			"integrity": "sha512-JlCMO+ehdEIKqlFxk6IfVoAUVmgz7cU7zD/h9XZ0qzeosSHmUJVOzSQvvYSYWXkFXC+IfLKSIffhv0sVZup6pA==",
			"dev": true
		},
		"node_modules/web-streams-polyfill": {
			"version": "3.3.2",
			"resolved": "https://registry.npmjs.org/web-streams-polyfill/-/web-streams-polyfill-3.3.2.tgz",
			"integrity": "sha512-3pRGuxRF5gpuZc0W+EpwQRmCD7gRqcDOMt688KmdlDAgAyaB1XlN0zq2njfDNm44XVdIouE7pZ6GzbdyH47uIQ==",
			"engines": {
				"node": ">= 8"
			}
		},
		"node_modules/yaml": {
			"version": "2.7.1",
			"resolved": "https://registry.npmjs.org/yaml/-/yaml-2.7.1.tgz",
			"integrity": "sha512-10ULxpnOCQXxJvBgxsn9ptjq6uviG/htZKk9veJGhlqn3w/DxQ631zFF+nlQXLwmImeS5amR2dl2U8sg6U9jsQ==",
			"dev": true,
			"license": "ISC",
			"bin": {
				"yaml": "bin.mjs"
			},
			"engines": {
				"node": ">= 14"
			}
		}
	},
	"dependencies": {
		"@gerrit0/mini-shiki": {
			"version": "3.2.2",
			"resolved": "https://registry.npmjs.org/@gerrit0/mini-shiki/-/mini-shiki-3.2.2.tgz",
			"integrity": "sha512-vaZNGhGLKMY14HbF53xxHNgFO9Wz+t5lTlGNpl2N9xFiKQ0I5oIe0vKjU9dh7Nb3Dw6lZ7wqUE0ri+zcdpnK+Q==",
			"dev": true,
			"requires": {
				"@shikijs/engine-oniguruma": "^3.2.1",
				"@shikijs/langs": "^3.2.1",
				"@shikijs/themes": "^3.2.1",
				"@shikijs/types": "^3.2.1",
				"@shikijs/vscode-textmate": "^10.0.2"
			}
		},
		"@shikijs/engine-oniguruma": {
			"version": "3.2.2",
			"resolved": "https://registry.npmjs.org/@shikijs/engine-oniguruma/-/engine-oniguruma-3.2.2.tgz",
			"integrity": "sha512-vyXRnWVCSvokwbaUD/8uPn6Gqsf5Hv7XwcW4AgiU4Z2qwy19sdr6VGzMdheKKN58tJOOe5MIKiNb901bgcUXYQ==",
			"dev": true,
			"requires": {
				"@shikijs/types": "3.2.2",
				"@shikijs/vscode-textmate": "^10.0.2"
			}
		},
		"@shikijs/langs": {
			"version": "3.2.2",
			"resolved": "https://registry.npmjs.org/@shikijs/langs/-/langs-3.2.2.tgz",
			"integrity": "sha512-NY0Urg2dV9ETt3JIOWoMPuoDNwte3geLZ4M1nrPHbkDS8dWMpKcEwlqiEIGqtwZNmt5gKyWpR26ln2Bg2ecPgw==",
			"dev": true,
			"requires": {
				"@shikijs/types": "3.2.2"
			}
		},
		"@shikijs/themes": {
			"version": "3.2.2",
			"resolved": "https://registry.npmjs.org/@shikijs/themes/-/themes-3.2.2.tgz",
			"integrity": "sha512-Zuq4lgAxVKkb0FFdhHSdDkALuRpsj1so1JdihjKNQfgM78EHxV2JhO10qPsMrm01FkE3mDRTdF68wfmsqjt6HA==",
			"dev": true,
			"requires": {
				"@shikijs/types": "3.2.2"
			}
		},
		"@shikijs/types": {
			"version": "3.2.2",
			"resolved": "https://registry.npmjs.org/@shikijs/types/-/types-3.2.2.tgz",
			"integrity": "sha512-a5TiHk7EH5Lso8sHcLHbVNNhWKP0Wi3yVnXnu73g86n3WoDgEra7n3KszyeCGuyoagspQ2fzvy4cpSc8pKhb0A==",
			"dev": true,
			"requires": {
				"@shikijs/vscode-textmate": "^10.0.2",
				"@types/hast": "^3.0.4"
			}
		},
		"@shikijs/vscode-textmate": {
			"version": "10.0.2",
			"resolved": "https://registry.npmjs.org/@shikijs/vscode-textmate/-/vscode-textmate-10.0.2.tgz",
			"integrity": "sha512-83yeghZ2xxin3Nj8z1NMd/NCuca+gsYXswywDy5bHvwlWL8tpTQmzGeUuHd9FC3E/SBEMvzJRwWEOz5gGes9Qg==",
			"dev": true
		},
		"@types/hast": {
			"version": "3.0.4",
			"resolved": "https://registry.npmjs.org/@types/hast/-/hast-3.0.4.tgz",
			"integrity": "sha512-WPs+bbQw5aCj+x6laNGWLH3wviHtoCv/P3+otBhbOhJgG8qtpdAMlTCxLtsTWA7LH1Oh/bFCHsBn0TPS5m30EQ==",
			"dev": true,
			"requires": {
				"@types/unist": "*"
			}
		},
		"@types/node": {
			"version": "20.11.5",
			"resolved": "https://registry.npmjs.org/@types/node/-/node-20.11.5.tgz",
			"integrity": "sha512-g557vgQjUUfN76MZAN/dt1z3dzcUsimuysco0KeluHgrPdJXkP/XdAURgyO2W9fZWHRtRBiVKzKn8vyOAwlG+w==",
			"dev": true,
			"requires": {
				"undici-types": "~5.26.4"
			}
		},
		"@types/steamid": {
			"version": "2.0.3",
			"resolved": "https://registry.npmjs.org/@types/steamid/-/steamid-2.0.3.tgz",
			"integrity": "sha512-ozNMQViUYLU+NBN4v7X0bV1O8uTL1bA+WvfHtt9IKcydS4tyYKH7w1vq+xcPGWGL0PRhGtY7C1Zhaeyj2IsETw==",
			"dev": true
		},
		"@types/unist": {
			"version": "3.0.3",
			"resolved": "https://registry.npmjs.org/@types/unist/-/unist-3.0.3.tgz",
			"integrity": "sha512-ko/gIFJRv177XgZsZcBwnqJN5x/Gien8qNOn0D5bQU/zAzVf9Zt3BlcUiLqhV9y4ARk0GbT3tnUiPNgnTXzc/Q==",
			"dev": true
		},
		"argparse": {
			"version": "2.0.1",
			"resolved": "https://registry.npmjs.org/argparse/-/argparse-2.0.1.tgz",
			"integrity": "sha512-8+9WqebbFzpX9OR+Wa6O29asIogeRMzcGtAINdpMHHyAg10f05aSFVBbcEqGf/PXw1EjAZ+q2/bEBg3DvurK3Q==",
			"dev": true
		},
		"balanced-match": {
			"version": "1.0.2",
			"resolved": "https://registry.npmjs.org/balanced-match/-/balanced-match-1.0.2.tgz",
			"integrity": "sha512-3oSeUO0TMV67hN1AmbXsK4yaqU7tjiHlbxRDZOpH0KW9+CeX4bRAaX0Anxt0tx2MrpRpWwQaPwIlISEJhYU5Pw==",
			"dev": true
		},
		"brace-expansion": {
			"version": "2.0.1",
			"resolved": "https://registry.npmjs.org/brace-expansion/-/brace-expansion-2.0.1.tgz",
			"integrity": "sha512-XnAIvQ8eM+kC6aULx6wuQiwVsnzsi9d3WxzV3FpWTGA19F621kwdbsAcFKXgKUHZWsy+mY6iL1sHTxWEFCytDA==",
			"dev": true,
			"requires": {
				"balanced-match": "^1.0.0"
			}
		},
		"data-uri-to-buffer": {
			"version": "4.0.1",
			"resolved": "https://registry.npmjs.org/data-uri-to-buffer/-/data-uri-to-buffer-4.0.1.tgz",
			"integrity": "sha512-0R9ikRb668HB7QDxT1vkpuUBtqc53YyAwMwGeUFKRojY/NWKvdZ+9UYtRfGmhqNbRkTSVpMbmyhXipFFv2cb/A=="
		},
		"entities": {
			"version": "4.5.0",
			"resolved": "https://registry.npmjs.org/entities/-/entities-4.5.0.tgz",
			"integrity": "sha512-V0hjH4dGPh9Ao5p0MoRY6BVqtwCjhz6vI5LT8AJ55H+4g9/4vbHx1I54fS0XuclLhDHArPQCiMjDxjaL8fPxhw==",
			"dev": true
		},
		"fetch-blob": {
			"version": "3.2.0",
			"resolved": "https://registry.npmjs.org/fetch-blob/-/fetch-blob-3.2.0.tgz",
			"integrity": "sha512-7yAQpD2UMJzLi1Dqv7qFYnPbaPx7ZfFK6PiIxQ4PfkGPyNyl2Ugx+a/umUonmKqjhM4DnfbMvdX6otXq83soQQ==",
			"requires": {
				"node-domexception": "^1.0.0",
				"web-streams-polyfill": "^3.0.3"
			}
		},
		"formdata-polyfill": {
			"version": "4.0.10",
			"resolved": "https://registry.npmjs.org/formdata-polyfill/-/formdata-polyfill-4.0.10.tgz",
			"integrity": "sha512-buewHzMvYL29jdeQTVILecSaZKnt/RJWjoZCF5OW60Z67/GmSLBkOFM7qh1PI3zFNtJbaZL5eQu1vLfazOwj4g==",
			"requires": {
				"fetch-blob": "^3.1.2"
			}
		},
		"linkify-it": {
			"version": "5.0.0",
			"resolved": "https://registry.npmjs.org/linkify-it/-/linkify-it-5.0.0.tgz",
			"integrity": "sha512-5aHCbzQRADcdP+ATqnDuhhJ/MRIqDkZX5pyjFHRRysS8vZ5AbqGEoFIb6pYHPZ+L/OC2Lc+xT8uHVVR5CAK/wQ==",
			"dev": true,
			"requires": {
				"uc.micro": "^2.0.0"
			}
		},
		"lunr": {
			"version": "2.3.9",
			"resolved": "https://registry.npmjs.org/lunr/-/lunr-2.3.9.tgz",
			"integrity": "sha512-zTU3DaZaF3Rt9rhN3uBMGQD3dD2/vFQqnvZCDv4dl5iOzq2IZQqTxu90r4E5J+nP70J3ilqVCrbho2eWaeW8Ow==",
			"dev": true
		},
		"markdown-it": {
			"version": "14.1.0",
			"resolved": "https://registry.npmjs.org/markdown-it/-/markdown-it-14.1.0.tgz",
			"integrity": "sha512-a54IwgWPaeBCAAsv13YgmALOF1elABB08FxO9i+r4VFk5Vl4pKokRPeX8u5TCgSsPi6ec1otfLjdOpVcgbpshg==",
			"dev": true,
			"requires": {
				"argparse": "^2.0.1",
				"entities": "^4.4.0",
				"linkify-it": "^5.0.0",
				"mdurl": "^2.0.0",
				"punycode.js": "^2.3.1",
				"uc.micro": "^2.1.0"
			}
		},
		"mdurl": {
			"version": "2.0.0",
			"resolved": "https://registry.npmjs.org/mdurl/-/mdurl-2.0.0.tgz",
			"integrity": "sha512-Lf+9+2r+Tdp5wXDXC4PcIBjTDtq4UKjCPMQhKIuzpJNW0b96kVqSwW0bT7FhRSfmAiFYgP+SCRvdrDozfh0U5w==",
			"dev": true
		},
		"minimatch": {
			"version": "9.0.5",
			"resolved": "https://registry.npmjs.org/minimatch/-/minimatch-9.0.5.tgz",
			"integrity": "sha512-G6T0ZX48xgozx7587koeX9Ys2NYy6Gmv//P89sEte9V9whIapMNF4idKxnW2QtCcLiTWlb/wfCabAtAFWhhBow==",
			"dev": true,
			"requires": {
				"brace-expansion": "^2.0.1"
			}
		},
		"node-domexception": {
			"version": "1.0.0",
			"resolved": "https://registry.npmjs.org/node-domexception/-/node-domexception-1.0.0.tgz",
			"integrity": "sha512-/jKZoMpw0F8GRwl4/eLROPA3cfcXtLApP0QzLmUT/HuPCZWyB7IY9ZrMeKw2O/nFIqPQB3PVM9aYm0F312AXDQ=="
		},
		"node-fetch": {
			"version": "3.3.2",
			"resolved": "https://registry.npmjs.org/node-fetch/-/node-fetch-3.3.2.tgz",
			"integrity": "sha512-dRB78srN/l6gqWulah9SrxeYnxeddIG30+GOqK/9OlLVyLg3HPnr6SqOWTWOXKRwC2eGYCkZ59NNuSgvSrpgOA==",
			"requires": {
				"data-uri-to-buffer": "^4.0.0",
				"fetch-blob": "^3.1.4",
				"formdata-polyfill": "^4.0.10"
			}
		},
		"punycode.js": {
			"version": "2.3.1",
			"resolved": "https://registry.npmjs.org/punycode.js/-/punycode.js-2.3.1.tgz",
			"integrity": "sha512-uxFIHU0YlHYhDQtV4R9J6a52SLx28BCjT+4ieh7IGbgwVJWO+km431c4yRlREUAsAmt/uMjQUyQHNEPf0M39CA==",
			"dev": true
		},
		"steamid": {
			"version": "2.0.0",
			"resolved": "https://registry.npmjs.org/steamid/-/steamid-2.0.0.tgz",
			"integrity": "sha512-+BFJMbo+IxzyfovLR37E7APkaNfmrL3S+88T7wTMRHnQ6LBhzEawPnjfWNKM9eUL/dH45j+7vhSX4WaGXoa4/Q=="
		},
		"typedoc": {
			"version": "0.28.2",
			"resolved": "https://registry.npmjs.org/typedoc/-/typedoc-0.28.2.tgz",
			"integrity": "sha512-9Giuv+eppFKnJ0oi+vxqLM817b/IrIsEMYgy3jj6zdvppAfDqV3d6DXL2vXUg2TnlL62V48th25Zf/tcQKAJdg==",
			"dev": true,
			"requires": {
				"@gerrit0/mini-shiki": "^3.2.2",
				"lunr": "^2.3.9",
				"markdown-it": "^14.1.0",
				"minimatch": "^9.0.5",
				"yaml": "^2.7.1"
			}
		},
		"typedoc-plugin-markdown": {
			"version": "4.6.2",
			"resolved": "https://registry.npmjs.org/typedoc-plugin-markdown/-/typedoc-plugin-markdown-4.6.2.tgz",
			"integrity": "sha512-JVCIoK7FDN3t3PSLkwDyrBFyjtDznqDCJotP9evxhLyb6bEZTqhAGB0tPy1RmgHuY2WoAONMrsWs8LfLsD+A6A==",
			"dev": true,
			"requires": {}
		},
		"typescript": {
			"version": "5.7.3",
			"resolved": "https://registry.npmjs.org/typescript/-/typescript-5.7.3.tgz",
			"integrity": "sha512-84MVSjMEHP+FQRPy3pX9sTVV/INIex71s9TL2Gm5FG/WG1SqXeKyZ0k7/blY/4FdOzI12CBy1vGc4og/eus0fw==",
			"dev": true
		},
		"uc.micro": {
			"version": "2.1.0",
			"resolved": "https://registry.npmjs.org/uc.micro/-/uc.micro-2.1.0.tgz",
			"integrity": "sha512-ARDJmphmdvUk6Glw7y9DQ2bFkKBHwQHLi2lsaH6PPmz/Ka9sFOBsBluozhDltWmnv9u/cF6Rt87znRTPV+yp/A==",
			"dev": true
		},
		"undici-types": {
			"version": "5.26.5",
			"resolved": "https://registry.npmjs.org/undici-types/-/undici-types-5.26.5.tgz",
			"integrity": "sha512-JlCMO+ehdEIKqlFxk6IfVoAUVmgz7cU7zD/h9XZ0qzeosSHmUJVOzSQvvYSYWXkFXC+IfLKSIffhv0sVZup6pA==",
			"dev": true
		},
		"web-streams-polyfill": {
			"version": "3.3.2",
			"resolved": "https://registry.npmjs.org/web-streams-polyfill/-/web-streams-polyfill-3.3.2.tgz",
			"integrity": "sha512-3pRGuxRF5gpuZc0W+EpwQRmCD7gRqcDOMt688KmdlDAgAyaB1XlN0zq2njfDNm44XVdIouE7pZ6GzbdyH47uIQ=="
		},
		"yaml": {
			"version": "2.7.1",
			"resolved": "https://registry.npmjs.org/yaml/-/yaml-2.7.1.tgz",
			"integrity": "sha512-10ULxpnOCQXxJvBgxsn9ptjq6uviG/htZKk9veJGhlqn3w/DxQ631zFF+nlQXLwmImeS5amR2dl2U8sg6U9jsQ==",
			"dev": true
		}
	}
}
