{
	"name": "steamapi",
	"version": "2.4.0",
	"lockfileVersion": 2,
	"requires": true,
	"packages": {
		"": {
			"name": "steamapi",
			"version": "2.4.0",
			"license": "MIT",
			"dependencies": {
				"node-fetch": "^2.6.11",
				"steamid": "^2.0.0"
			},
			"devDependencies": {
				"eslint-config-dim": "github:xDimGG/eslint-config-dim"
			}
		},
		"node_modules/eslint-config-dim": {
			"version": "1.0.0",
			"resolved": "git+ssh://git@github.com/xDimGG/eslint-config-dim.git#9ef3d9ce9a7e83b454d419159662c45cb8f7d3f9",
			"dev": true
		},
		"node_modules/node-fetch": {
			"version": "2.6.11",
			"resolved": "https://registry.npmjs.org/node-fetch/-/node-fetch-2.6.11.tgz",
			"integrity": "sha512-4I6pdBY1EthSqDmJkiNk3JIT8cswwR9nfeW/cPdUagJYEQG7R95WRH74wpz7ma8Gh/9dI9FP+OU+0E4FvtA55w==",
			"dependencies": {
				"whatwg-url": "^5.0.0"
			},
			"engines": {
				"node": "4.x || >=6.0.0"
			},
			"peerDependencies": {
				"encoding": "^0.1.0"
			},
			"peerDependenciesMeta": {
				"encoding": {
					"optional": true
				}
			}
		},
		"node_modules/steamid": {
			"version": "2.0.0",
			"resolved": "https://registry.npmjs.org/steamid/-/steamid-2.0.0.tgz",
			"integrity": "sha512-+BFJMbo+IxzyfovLR37E7APkaNfmrL3S+88T7wTMRHnQ6LBhzEawPnjfWNKM9eUL/dH45j+7vhSX4WaGXoa4/Q==",
			"engines": {
				"node": ">=12.0.0"
			}
		},
		"node_modules/tr46": {
			"version": "0.0.3",
			"resolved": "https://registry.npmjs.org/tr46/-/tr46-0.0.3.tgz",
			"integrity": "sha512-N3WMsuqV66lT30CrXNbEjx4GEwlow3v6rr4mCcv6prnfwhS01rkgyFdjPNBYd9br7LpXV1+Emh01fHnq2Gdgrw=="
		},
		"node_modules/webidl-conversions": {
			"version": "3.0.1",
			"resolved": "https://registry.npmjs.org/webidl-conversions/-/webidl-conversions-3.0.1.tgz",
			"integrity": "sha512-2JAn3z8AR6rjK8Sm8orRC0h/bcl/DqL7tRPdGZ4I1CjdF+EaMLmYxBHyXuKL849eucPFhvBoxMsflfOb8kxaeQ=="
		},
		"node_modules/whatwg-url": {
			"version": "5.0.0",
			"resolved": "https://registry.npmjs.org/whatwg-url/-/whatwg-url-5.0.0.tgz",
			"integrity": "sha512-saE57nupxk6v3HY35+jzBwYa0rKSy0XR8JSxZPwgLr7ys0IBzhGviA1/TUGJLmSVqs8pb9AnvICXEuOHLprYTw==",
			"dependencies": {
				"tr46": "~0.0.3",
				"webidl-conversions": "^3.0.0"
			}
		}
	},
	"dependencies": {
		"eslint-config-dim": {
			"version": "git+ssh://git@github.com/xDimGG/eslint-config-dim.git#9ef3d9ce9a7e83b454d419159662c45cb8f7d3f9",
			"dev": true,
			"from": "eslint-config-dim@github:xDimGG/eslint-config-dim"
		},
		"node-fetch": {
			"version": "2.6.11",
			"resolved": "https://registry.npmjs.org/node-fetch/-/node-fetch-2.6.11.tgz",
			"integrity": "sha512-4I6pdBY1EthSqDmJkiNk3JIT8cswwR9nfeW/cPdUagJYEQG7R95WRH74wpz7ma8Gh/9dI9FP+OU+0E4FvtA55w==",
			"requires": {
				"whatwg-url": "^5.0.0"
			}
		},
		"steamid": {
			"version": "2.0.0",
			"resolved": "https://registry.npmjs.org/steamid/-/steamid-2.0.0.tgz",
			"integrity": "sha512-+BFJMbo+IxzyfovLR37E7APkaNfmrL3S+88T7wTMRHnQ6LBhzEawPnjfWNKM9eUL/dH45j+7vhSX4WaGXoa4/Q=="
		},
		"tr46": {
			"version": "0.0.3",
			"resolved": "https://registry.npmjs.org/tr46/-/tr46-0.0.3.tgz",
			"integrity": "sha512-N3WMsuqV66lT30CrXNbEjx4GEwlow3v6rr4mCcv6prnfwhS01rkgyFdjPNBYd9br7LpXV1+Emh01fHnq2Gdgrw=="
		},
		"webidl-conversions": {
			"version": "3.0.1",
			"resolved": "https://registry.npmjs.org/webidl-conversions/-/webidl-conversions-3.0.1.tgz",
			"integrity": "sha512-2JAn3z8AR6rjK8Sm8orRC0h/bcl/DqL7tRPdGZ4I1CjdF+EaMLmYxBHyXuKL849eucPFhvBoxMsflfOb8kxaeQ=="
		},
		"whatwg-url": {
			"version": "5.0.0",
			"resolved": "https://registry.npmjs.org/whatwg-url/-/whatwg-url-5.0.0.tgz",
			"integrity": "sha512-saE57nupxk6v3HY35+jzBwYa0rKSy0XR8JSxZPwgLr7ys0IBzhGviA1/TUGJLmSVqs8pb9AnvICXEuOHLprYTw==",
			"requires": {
				"tr46": "~0.0.3",
				"webidl-conversions": "^3.0.0"
			}
		}
	}
}
