{
	"name": "steamapi",
	"version": "2.2.0",
	"lockfileVersion": 2,
	"requires": true,
	"packages": {
		"": {
			"name": "steamapi",
			"version": "2.2.0",
			"license": "MIT",
			"dependencies": {
				"steamid": "^2.0.0"
			},
			"devDependencies": {
				"eslint-config-dim": "github:xDimGG/eslint-config-dim"
			}
		},
		"node_modules/eslint-config-dim": {
			"version": "1.0.0",
			"resolved": "git+ssh://git@github.com/xDimGG/eslint-config-dim.git#9ef3d9ce9a7e83b454d419159662c45cb8f7d3f9",
			"dev": true
		},
		"node_modules/steamid": {
			"version": "2.0.0",
			"resolved": "https://registry.npmjs.org/steamid/-/steamid-2.0.0.tgz",
			"integrity": "sha512-+BFJMbo+IxzyfovLR37E7APkaNfmrL3S+88T7wTMRHnQ6LBhzEawPnjfWNKM9eUL/dH45j+7vhSX4WaGXoa4/Q==",
			"engines": {
				"node": ">=12.0.0"
			}
		}
	},
	"dependencies": {
		"eslint-config-dim": {
			"version": "git+ssh://git@github.com/xDimGG/eslint-config-dim.git#9ef3d9ce9a7e83b454d419159662c45cb8f7d3f9",
			"dev": true,
			"from": "eslint-config-dim@github:xDimGG/eslint-config-dim"
		},
		"steamid": {
			"version": "2.0.0",
			"resolved": "https://registry.npmjs.org/steamid/-/steamid-2.0.0.tgz",
			"integrity": "sha512-+BFJMbo+IxzyfovLR37E7APkaNfmrL3S+88T7wTMRHnQ6LBhzEawPnjfWNKM9eUL/dH45j+7vhSX4WaGXoa4/Q=="
		}
	}
}
